
Microsoft Visual Studio Solution File, Format Version 12.00
# Visual Studio 2013
VisualStudioVersion = 12.0.21005.1
MinimumVisualStudioVersion = 10.0.40219.1
Project("{FAE04EC0-301F-11D3-BF4B-00C04F79EFBC}") = "SvgCountryFlags", "SvgCountryFlags\SvgCountryFlags.csproj", "{5667EACA-37DB-45FE-B8B6-C8F4B166F295}"
EndProject
Project("{FAE04EC0-301F-11D3-BF4B-00C04F79EFBC}") = "FlagCounter", "FlagCounter\FlagCounter.csproj", "{2A9CD9B1-2A0B-4F69-AD68-8F0748B21D10}"
EndProject
Project("{FAE04EC0-301F-11D3-BF4B-00C04F79EFBC}") = "CreateInsertUpdateStatement", "CreateInsertUpdateStatement\CreateInsertUpdateStatement.csproj", "{C3EAC18F-9432-4488-AF31-ED94F4493278}"
EndProject
Global
	GlobalSection(SolutionConfigurationPlatforms) = preSolution
		Debug|Any CPU = Debug|Any CPU
		Release|Any CPU = Release|Any CPU
	EndGlobalSection
	GlobalSection(ProjectConfigurationPlatforms) = postSolution
		{5667EACA-37DB-45FE-B8B6-C8F4B166F295}.Debug|Any CPU.ActiveCfg = Debug|Any CPU
		{5667EACA-37DB-45FE-B8B6-C8F4B166F295}.Debug|Any CPU.Build.0 = Debug|Any CPU
		{5667EACA-37DB-45FE-B8B6-C8F4B166F295}.Release|Any CPU.ActiveCfg = Release|Any CPU
		{5667EACA-37DB-45FE-B8B6-C8F4B166F295}.Release|Any CPU.Build.0 = Release|Any CPU
		{2A9CD9B1-2A0B-4F69-AD68-8F0748B21D10}.Debug|Any CPU.ActiveCfg = Debug|Any CPU
		{2A9CD9B1-2A0B-4F69-AD68-8F0748B21D10}.Debug|Any CPU.Build.0 = Debug|Any CPU
		{2A9CD9B1-2A0B-4F69-AD68-8F0748B21D10}.Release|Any CPU.ActiveCfg = Release|Any CPU
		{2A9CD9B1-2A0B-4F69-AD68-8F0748B21D10}.Release|Any CPU.Build.0 = Release|Any CPU
		{C3EAC18F-9432-4488-AF31-ED94F4493278}.Debug|Any CPU.ActiveCfg = Debug|Any CPU
		{C3EAC18F-9432-4488-AF31-ED94F4493278}.Debug|Any CPU.Build.0 = Debug|Any CPU
		{C3EAC18F-9432-4488-AF31-ED94F4493278}.Release|Any CPU.ActiveCfg = Release|Any CPU
		{C3EAC18F-9432-4488-AF31-ED94F4493278}.Release|Any CPU.Build.0 = Release|Any CPU
	EndGlobalSection
	GlobalSection(SolutionProperties) = preSolution
		HideSolutionNode = FALSE
	EndGlobalSection
EndGlobal
